PODS:
  - TBBasicLib (0.1.7):
    - Toast-Swift
  - Toast-Swift (5.0.1)

DEPENDENCIES:
  - TBBasicLib (from `../`)

SPEC REPOS:
  trunk:
    - Toast-Swift

EXTERNAL SOURCES:
  TBBasicLib:
    :path: "../"

SPEC CHECKSUMS:
  TBBasicLib: 819c231e4a863bc73a08c20b247a91c408a612a9
  Toast-Swift: 9b6a70f28b3bf0b96c40d46c0c4b9d6639846711

PODFILE CHECKSUM: ef4825e87211ebc58cf69d3470e538dbe62774e0

COCOAPODS: 1.16.2
